{
    "_meta": {
        "hash": {
            "sha256": "c354a2f2609a6edd5b1270786aa6688b4c880f41060077fe303509e52e3b3251"
        },
        "pipfile-spec": 6,
        "requires": {
            "python_version": "3.9"
        },
        "sources": [
            {
                "name": "pypi",
                "url": "https://pypi.org/simple",
                "verify_ssl": true
            }
        ]
    },
    "default": {
        "click": {
            "hashes": [
                "sha256:8c04c11192119b1ef78ea049e0a6f0463e4c48ef00a30160c704337586f3ad7a",
                "sha256:fba402a4a47334742d782209a7c79bc448911afe1149d07bdabdf480b3e2f4b6"
            ],
            "markers": "python_version >= '3.6'",
            "version": "==8.0.1"
        },
        "click-config-file": {
            "hashes": [
                "sha256:3c5802dec437ed596f181efc988f62b1069cd48a912e280cd840ee70580f39d7",
                "sha256:ded6ec1a73c41280727ec9c06031e929cdd8a5946bf0f99c0c3db3a71793d515"
            ],
            "version": "==0.6.0"
        },
        "configobj": {
            "hashes": [
                "sha256:a2f5650770e1c87fb335af19a9b7eb73fc05ccf22144eb68db7d00cd2bcb0902"
            ],
            "version": "==5.0.6"
        },
        "lxml": {
            "hashes": [
                "sha256:079f3ae844f38982d156efce585bc540c16a926d4436712cf4baee0cce487a3d",
                "sha256:0fbcf5565ac01dff87cbfc0ff323515c823081c5777a9fc7703ff58388c258c3",
                "sha256:122fba10466c7bd4178b07dba427aa516286b846b2cbd6f6169141917283aae2",
                "sha256:1b38116b6e628118dea5b2186ee6820ab138dbb1e24a13e478490c7db2f326ae",
                "sha256:1b7584d421d254ab86d4f0b13ec662a9014397678a7c4265a02a6d7c2b18a75f",
                "sha256:26e761ab5b07adf5f555ee82fb4bfc35bf93750499c6c7614bd64d12aaa67927",
                "sha256:289e9ca1a9287f08daaf796d96e06cb2bc2958891d7911ac7cae1c5f9e1e0ee3",
                "sha256:2a9d50e69aac3ebee695424f7dbd7b8c6d6eb7de2a2eb6b0f6c7db6aa41e02b7",
                "sha256:3082c518be8e97324390614dacd041bb1358c882d77108ca1957ba47738d9d59",
                "sha256:33bb934a044cf32157c12bfcfbb6649807da20aa92c062ef51903415c704704f",
                "sha256:3439c71103ef0e904ea0a1901611863e51f50b5cd5e8654a151740fde5e1cade",
                "sha256:36108c73739985979bf302006527cf8a20515ce444ba916281d1c43938b8bb96",
                "sha256:39b78571b3b30645ac77b95f7c69d1bffc4cf8c3b157c435a34da72e78c82468",
                "sha256:4289728b5e2000a4ad4ab8da6e1db2e093c63c08bdc0414799ee776a3f78da4b",
                "sha256:4bff24dfeea62f2e56f5bab929b4428ae6caba2d1eea0c2d6eb618e30a71e6d4",
                "sha256:4c61b3a0db43a1607d6264166b230438f85bfed02e8cff20c22e564d0faff354",
                "sha256:542d454665a3e277f76954418124d67516c5f88e51a900365ed54a9806122b83",
                "sha256:5a0a14e264069c03e46f926be0d8919f4105c1623d620e7ec0e612a2e9bf1c04",
                "sha256:5c8c163396cc0df3fd151b927e74f6e4acd67160d6c33304e805b84293351d16",
                "sha256:66e575c62792c3f9ca47cb8b6fab9e35bab91360c783d1606f758761810c9791",
                "sha256:6f12e1427285008fd32a6025e38e977d44d6382cf28e7201ed10d6c1698d2a9a",
                "sha256:74f7d8d439b18fa4c385f3f5dfd11144bb87c1da034a466c5b5577d23a1d9b51",
                "sha256:7610b8c31688f0b1be0ef882889817939490a36d0ee880ea562a4e1399c447a1",
                "sha256:76fa7b1362d19f8fbd3e75fe2fb7c79359b0af8747e6f7141c338f0bee2f871a",
                "sha256:7728e05c35412ba36d3e9795ae8995e3c86958179c9770e65558ec3fdfd3724f",
                "sha256:8157dadbb09a34a6bd95a50690595e1fa0af1a99445e2744110e3dca7831c4ee",
                "sha256:820628b7b3135403540202e60551e741f9b6d3304371712521be939470b454ec",
                "sha256:884ab9b29feaca361f7f88d811b1eea9bfca36cf3da27768d28ad45c3ee6f969",
                "sha256:89b8b22a5ff72d89d48d0e62abb14340d9e99fd637d046c27b8b257a01ffbe28",
                "sha256:92e821e43ad382332eade6812e298dc9701c75fe289f2a2d39c7960b43d1e92a",
                "sha256:b007cbb845b28db4fb8b6a5cdcbf65bacb16a8bd328b53cbc0698688a68e1caa",
                "sha256:bc4313cbeb0e7a416a488d72f9680fffffc645f8a838bd2193809881c67dd106",
                "sha256:bccbfc27563652de7dc9bdc595cb25e90b59c5f8e23e806ed0fd623755b6565d",
                "sha256:c47ff7e0a36d4efac9fd692cfa33fbd0636674c102e9e8d9b26e1b93a94e7617",
                "sha256:c4f05c5a7c49d2fb70223d0d5bcfbe474cf928310ac9fa6a7c6dddc831d0b1d4",
                "sha256:cdaf11d2bd275bf391b5308f86731e5194a21af45fbaaaf1d9e8147b9160ea92",
                "sha256:ce256aaa50f6cc9a649c51be3cd4ff142d67295bfc4f490c9134d0f9f6d58ef0",
                "sha256:d2e35d7bf1c1ac8c538f88d26b396e73dd81440d59c1ef8522e1ea77b345ede4",
                "sha256:d916d31fd85b2f78c76400d625076d9124de3e4bda8b016d25a050cc7d603f24",
                "sha256:df7c53783a46febb0e70f6b05df2ba104610f2fb0d27023409734a3ecbb78fb2",
                "sha256:e1cbd3f19a61e27e011e02f9600837b921ac661f0c40560eefb366e4e4fb275e",
                "sha256:efac139c3f0bf4f0939f9375af4b02c5ad83a622de52d6dfa8e438e8e01d0eb0",
                "sha256:efd7a09678fd8b53117f6bae4fa3825e0a22b03ef0a932e070c0bdbb3a35e654",
                "sha256:f2380a6376dfa090227b663f9678150ef27543483055cc327555fb592c5967e2",
                "sha256:f8380c03e45cf09f8557bdaa41e1fa7c81f3ae22828e1db470ab2a6c96d8bc23",
                "sha256:f90ba11136bfdd25cae3951af8da2e95121c9b9b93727b1b896e3fa105b2f586"
            ],
            "markers": "python_version >= '2.7' and python_version not in '3.0, 3.1, 3.2, 3.3, 3.4'",
            "version": "==4.6.3"
        },
        "pdfcropmargins": {
            "hashes": [
                "sha256:76fd16b3955e11b2a9fc3ad839342d6528f10324908a4a8f04f94ecda68205b3"
            ],
            "version": "==1.0.5"
        },
        "pillow": {
            "hashes": [
                "sha256:063d17a02a0170c2f880fbd373b2738b089c6adcbd1f7418667bc9e97524c11b",
                "sha256:1037288a22cc8ec9d2918a24ded733a1cc4342fd7f21d15d37e6bbe5fb4a7306",
                "sha256:25f6564df21d15bcac142b4ed92b6c02e53557539f535f31c1f3bcc985484753",
                "sha256:28f184c0a65be098af412f78b0b6f3bbafd1614e1dc896e810d8357342a794b7",
                "sha256:3251557c53c1ed0c345559afc02d2b0a0aa5788042e161366ed90b27bc322d3d",
                "sha256:331f8321418682386e4f0d0e6369f732053f95abddd2af4e1b1ef74a9537ef37",
                "sha256:333313bcc53a8a7359e98d5458dfe37bfa301da2fd0e0dc41f585ae0cede9181",
                "sha256:34ce3d993cb4ca840b1e31165b38cb19c64f64f822a8bc5565bde084baff3bdb",
                "sha256:490c9236ef4762733b6c2e1f1fcb37793cb9c57d860aa84d6994c990461882e5",
                "sha256:519b3b24dedc81876d893475bade1b92c4ce7c24b9b82224f0bd8daae682e039",
                "sha256:53f6e4b73b3899015ac4aa95d99da0f48ea18a6d7c8db672e8bead3fb9570ef5",
                "sha256:561339ed7c324bbcb29b5e4f4705c97df950785394b3ac181f5bf6a08088a672",
                "sha256:6f7517a220aca8b822e25b08b0df9546701a606a328da5bc057e5f32a3f9b07c",
                "sha256:713b762892efa8cd5d8dac24d16ac2d2dbf981963ed1b3297e79755f03f8cbb8",
                "sha256:72858a27dd7bd1c40f91c4f85db3b9f121c8412fd66573121febb00d074d0530",
                "sha256:778a819c2d194e08d39d67ddb15ef0d32eba17bf7d0c2773e97bd221b2613a3e",
                "sha256:803606e206f3e366eea46b1e7ab4dac74cfac770d04de9c35319814e11e47c46",
                "sha256:856fcbc3201a6cabf0478daa0c0a1a8a175af7e5173e2084ddb91cc707a09dd1",
                "sha256:8f65d2a98f198e904dbe89ecb10862d5f0511367d823689039e17c4d011de11e",
                "sha256:94db5ea640330de0945b41dc77fb4847b4ab6e87149126c71b36b112e8400898",
                "sha256:950e873ceefbd283cbe7bc5b648b832d1dcf89eeded6726ebec42bc7d67966c0",
                "sha256:a7beda44f177ee602aa27e0a297da1657d9572679522c8fb8b336b734653516e",
                "sha256:aef0838f28328523e9e5f2c1852dd96fb85768deb0eb8f908c54dad0f44d2f6f",
                "sha256:b42ea77f4e7374a67e1f27aaa9c62627dff681f67890e5b8f0c1e21b1500d9d2",
                "sha256:bccd0d604d814e9494f3bf3f077a23835580ed1743c5175581882e7dd1f178c3",
                "sha256:c2d78c8230bda5fc9f6b1d457c7f8f3432f4fe85bed86f80ba3ed73d59775a88",
                "sha256:c3529fb98a40f89269175442c5ff4ef81d22e91b2bdcbd33833a350709b5130c",
                "sha256:cc8e926d6ffa65d0dddb871b7afe117f17bc045951e66afde60eb0eba923db9e",
                "sha256:ce90aad0a3dc0f13a9ff0ab1f43bcbea436089b83c3fadbe37c6f1733b938bf1",
                "sha256:cec702974f162026bf8de47f6f4b7ce9584a63c50002b38f195ee797165fea77",
                "sha256:d9ef8119ce44f90d2f8ac7c58f7da480ada5151f217dc8da03681b73fc91dec3",
                "sha256:eccaefbd646022b5313ca4b0c5f1ae6e0d3a52ef66de64970ecf3f9b2a1be751",
                "sha256:fb91deb5121b6dde88599bcb3db3fdad9cf33ff3d4ccc5329ee1fe9655a2f7ff",
                "sha256:fc25d59ecf23ea19571065306806a29c43c67f830f0e8a121303916ba257f484"
            ],
            "markers": "python_version >= '3.6'",
            "version": "==8.3.0"
        },
        "pretextbook": {
            "hashes": [
                "sha256:82a60e893dcdd6ed26d28556fe32660b9719173e288370d33475326d7e87e473",
                "sha256:fea6e97a83e3b62c4c251022bc714a303bfc1d393f01dea91044cb6748c4ee31"
            ],
            "index": "pypi",
            "version": "==0.2"
        },
        "pypdf2": {
            "hashes": [
                "sha256:e28f902f2f0a1603ea95ebe21dff311ef09be3d0f0ef29a3e44a932729564385"
            ],
            "version": "==1.26.0"
        },
        "python-slugify": {
            "hashes": [
                "sha256:6d8c5df75cd4a7c3a2d21e257633de53f52ab0265cd2d1dc62a730e8194a7380",
                "sha256:f13383a0b9fcbe649a1892b9c8eb4f8eab1d6d84b84bb7a624317afa98159cab"
            ],
            "markers": "python_version >= '3.6'",
            "version": "==5.0.2"
        },
        "six": {
            "hashes": [
                "sha256:1e61c37477a1626458e36f7b1d82aa5c9b094fa4802892072e49de9c60c4c926",
                "sha256:8abb2f1d86890a2dfb989f9a77cfcfd3e47c2a354b01111771326f8aa26e0254"
            ],
            "markers": "python_version >= '2.7' and python_version not in '3.0, 3.1, 3.2'",
            "version": "==1.16.0"
        },
        "text-unidecode": {
            "hashes": [
                "sha256:1311f10e8b895935241623731c2ba64f4c455287888b18189350b67134a822e8",
                "sha256:bad6603bb14d279193107714b288be206cac565dfa49aa5b105294dd5c4aab93"
            ],
            "version": "==1.3"
        },
        "wheel": {
            "hashes": [
                "sha256:78b5b185f0e5763c26ca1e324373aadd49182ca90e825f7853f4b2509215dc0e",
                "sha256:e11eefd162658ea59a60a0f6c7d493a7190ea4b9a85e335b33489d9f17e0245e"
            ],
            "markers": "python_version >= '2.7' and python_version not in '3.0, 3.1, 3.2, 3.3, 3.4'",
            "version": "==0.36.2"
        }
    },
    "develop": {}
}
